
Microsoft Visual Studio Solution File, Format Version 12.00
# Visual Studio 14
VisualStudioVersion = 14.0.23107.0
MinimumVisualStudioVersion = 10.0.40219.1
Project("{FAE04EC0-301F-11D3-BF4B-00C04F79EFBC}") = "XamFormsControls", "XamFormsControls\XamFormsControls\XamFormsControls.csproj", "{666AC56C-D918-4FCC-92C9-3E5782EDACDB}"
EndProject
Project("{FAE04EC0-301F-11D3-BF4B-00C04F79EFBC}") = "XamFormsControls.iOS", "XamFormsControls\XamFormsControls.iOS\XamFormsControls.iOS.csproj", "{4A13415D-C22D-49E5-8F83-1093B55503BB}"
EndProject
Project("{FAE04EC0-301F-11D3-BF4B-00C04F79EFBC}") = "XamFormsControls.Droid", "XamFormsControls\XamFormsControls.Droid\XamFormsControls.Droid.csproj", "{1D3EAD8A-F69C-40C0-B9DD-076D22C9800C}"
EndProject
Project("{FAE04EC0-301F-11D3-BF4B-00C04F79EFBC}") = "XamFormsControls.WinPhone", "XamFormsControls\XamFormsControls.WinPhone\XamFormsControls.WinPhone.csproj", "{5A160605-A87B-4F54-BD16-7CE9E2FB13E9}"
EndProject
Global
	GlobalSection(SolutionConfigurationPlatforms) = preSolution
		Ad-Hoc|Any CPU = Ad-Hoc|Any CPU
		Ad-Hoc|ARM = Ad-Hoc|ARM
		Ad-Hoc|iPhone = Ad-Hoc|iPhone
		Ad-Hoc|iPhoneSimulator = Ad-Hoc|iPhoneSimulator
		Ad-Hoc|x86 = Ad-Hoc|x86
		AppStore|Any CPU = AppStore|Any CPU
		AppStore|ARM = AppStore|ARM
		AppStore|iPhone = AppStore|iPhone
		AppStore|iPhoneSimulator = AppStore|iPhoneSimulator
		AppStore|x86 = AppStore|x86
		Debug|Any CPU = Debug|Any CPU
		Debug|ARM = Debug|ARM
		Debug|iPhone = Debug|iPhone
		Debug|iPhoneSimulator = Debug|iPhoneSimulator
		Debug|x86 = Debug|x86
		Release|Any CPU = Release|Any CPU
		Release|ARM = Release|ARM
		Release|iPhone = Release|iPhone
		Release|iPhoneSimulator = Release|iPhoneSimulator
		Release|x86 = Release|x86
	EndGlobalSection
	GlobalSection(ProjectConfigurationPlatforms) = postSolution
		{666AC56C-D918-4FCC-92C9-3E5782EDACDB}.Ad-Hoc|Any CPU.ActiveCfg = Release|Any CPU
		{666AC56C-D918-4FCC-92C9-3E5782EDACDB}.Ad-Hoc|Any CPU.Build.0 = Release|Any CPU
		{666AC56C-D918-4FCC-92C9-3E5782EDACDB}.Ad-Hoc|ARM.ActiveCfg = Release|Any CPU
		{666AC56C-D918-4FCC-92C9-3E5782EDACDB}.Ad-Hoc|ARM.Build.0 = Release|Any CPU
		{666AC56C-D918-4FCC-92C9-3E5782EDACDB}.Ad-Hoc|iPhone.ActiveCfg = Release|Any CPU
		{666AC56C-D918-4FCC-92C9-3E5782EDACDB}.Ad-Hoc|iPhone.Build.0 = Release|Any CPU
		{666AC56C-D918-4FCC-92C9-3E5782EDACDB}.Ad-Hoc|iPhoneSimulator.ActiveCfg = Release|Any CPU
		{666AC56C-D918-4FCC-92C9-3E5782EDACDB}.Ad-Hoc|iPhoneSimulator.Build.0 = Release|Any CPU
		{666AC56C-D918-4FCC-92C9-3E5782EDACDB}.Ad-Hoc|x86.ActiveCfg = Release|Any CPU
		{666AC56C-D918-4FCC-92C9-3E5782EDACDB}.Ad-Hoc|x86.Build.0 = Release|Any CPU
		{666AC56C-D918-4FCC-92C9-3E5782EDACDB}.AppStore|Any CPU.ActiveCfg = Release|Any CPU
		{666AC56C-D918-4FCC-92C9-3E5782EDACDB}.AppStore|Any CPU.Build.0 = Release|Any CPU
		{666AC56C-D918-4FCC-92C9-3E5782EDACDB}.AppStore|ARM.ActiveCfg = Release|Any CPU
		{666AC56C-D918-4FCC-92C9-3E5782EDACDB}.AppStore|ARM.Build.0 = Release|Any CPU
		{666AC56C-D918-4FCC-92C9-3E5782EDACDB}.AppStore|iPhone.ActiveCfg = Release|Any CPU
		{666AC56C-D918-4FCC-92C9-3E5782EDACDB}.AppStore|iPhone.Build.0 = Release|Any CPU
		{666AC56C-D918-4FCC-92C9-3E5782EDACDB}.AppStore|iPhoneSimulator.ActiveCfg = Release|Any CPU
		{666AC56C-D918-4FCC-92C9-3E5782EDACDB}.AppStore|iPhoneSimulator.Build.0 = Release|Any CPU
		{666AC56C-D918-4FCC-92C9-3E5782EDACDB}.AppStore|x86.ActiveCfg = Release|Any CPU
		{666AC56C-D918-4FCC-92C9-3E5782EDACDB}.AppStore|x86.Build.0 = Release|Any CPU
		{666AC56C-D918-4FCC-92C9-3E5782EDACDB}.Debug|Any CPU.ActiveCfg = Debug|Any CPU
		{666AC56C-D918-4FCC-92C9-3E5782EDACDB}.Debug|Any CPU.Build.0 = Debug|Any CPU
		{666AC56C-D918-4FCC-92C9-3E5782EDACDB}.Debug|ARM.ActiveCfg = Debug|Any CPU
		{666AC56C-D918-4FCC-92C9-3E5782EDACDB}.Debug|ARM.Build.0 = Debug|Any CPU
		{666AC56C-D918-4FCC-92C9-3E5782EDACDB}.Debug|iPhone.ActiveCfg = Debug|Any CPU
		{666AC56C-D918-4FCC-92C9-3E5782EDACDB}.Debug|iPhone.Build.0 = Debug|Any CPU
		{666AC56C-D918-4FCC-92C9-3E5782EDACDB}.Debug|iPhoneSimulator.ActiveCfg = Debug|Any CPU
		{666AC56C-D918-4FCC-92C9-3E5782EDACDB}.Debug|iPhoneSimulator.Build.0 = Debug|Any CPU
		{666AC56C-D918-4FCC-92C9-3E5782EDACDB}.Debug|x86.ActiveCfg = Debug|Any CPU
		{666AC56C-D918-4FCC-92C9-3E5782EDACDB}.Debug|x86.Build.0 = Debug|Any CPU
		{666AC56C-D918-4FCC-92C9-3E5782EDACDB}.Release|Any CPU.ActiveCfg = Release|Any CPU
		{666AC56C-D918-4FCC-92C9-3E5782EDACDB}.Release|Any CPU.Build.0 = Release|Any CPU
		{666AC56C-D918-4FCC-92C9-3E5782EDACDB}.Release|ARM.ActiveCfg = Release|Any CPU
		{666AC56C-D918-4FCC-92C9-3E5782EDACDB}.Release|ARM.Build.0 = Release|Any CPU
		{666AC56C-D918-4FCC-92C9-3E5782EDACDB}.Release|iPhone.ActiveCfg = Release|Any CPU
		{666AC56C-D918-4FCC-92C9-3E5782EDACDB}.Release|iPhone.Build.0 = Release|Any CPU
		{666AC56C-D918-4FCC-92C9-3E5782EDACDB}.Release|iPhoneSimulator.ActiveCfg = Release|Any CPU
		{666AC56C-D918-4FCC-92C9-3E5782EDACDB}.Release|iPhoneSimulator.Build.0 = Release|Any CPU
		{666AC56C-D918-4FCC-92C9-3E5782EDACDB}.Release|x86.ActiveCfg = Release|Any CPU
		{666AC56C-D918-4FCC-92C9-3E5782EDACDB}.Release|x86.Build.0 = Release|Any CPU
		{4A13415D-C22D-49E5-8F83-1093B55503BB}.Ad-Hoc|Any CPU.ActiveCfg = Ad-Hoc|iPhone
		{4A13415D-C22D-49E5-8F83-1093B55503BB}.Ad-Hoc|ARM.ActiveCfg = Ad-Hoc|iPhone
		{4A13415D-C22D-49E5-8F83-1093B55503BB}.Ad-Hoc|iPhone.ActiveCfg = Ad-Hoc|iPhone
		{4A13415D-C22D-49E5-8F83-1093B55503BB}.Ad-Hoc|iPhone.Build.0 = Ad-Hoc|iPhone
		{4A13415D-C22D-49E5-8F83-1093B55503BB}.Ad-Hoc|iPhoneSimulator.ActiveCfg = Ad-Hoc|iPhoneSimulator
		{4A13415D-C22D-49E5-8F83-1093B55503BB}.Ad-Hoc|iPhoneSimulator.Build.0 = Ad-Hoc|iPhoneSimulator
		{4A13415D-C22D-49E5-8F83-1093B55503BB}.Ad-Hoc|x86.ActiveCfg = Ad-Hoc|iPhone
		{4A13415D-C22D-49E5-8F83-1093B55503BB}.AppStore|Any CPU.ActiveCfg = AppStore|iPhone
		{4A13415D-C22D-49E5-8F83-1093B55503BB}.AppStore|ARM.ActiveCfg = AppStore|iPhone
		{4A13415D-C22D-49E5-8F83-1093B55503BB}.AppStore|iPhone.ActiveCfg = AppStore|iPhone
		{4A13415D-C22D-49E5-8F83-1093B55503BB}.AppStore|iPhone.Build.0 = AppStore|iPhone
		{4A13415D-C22D-49E5-8F83-1093B55503BB}.AppStore|iPhoneSimulator.ActiveCfg = AppStore|iPhoneSimulator
		{4A13415D-C22D-49E5-8F83-1093B55503BB}.AppStore|iPhoneSimulator.Build.0 = AppStore|iPhoneSimulator
		{4A13415D-C22D-49E5-8F83-1093B55503BB}.AppStore|x86.ActiveCfg = AppStore|iPhone
		{4A13415D-C22D-49E5-8F83-1093B55503BB}.Debug|Any CPU.ActiveCfg = Debug|iPhone
		{4A13415D-C22D-49E5-8F83-1093B55503BB}.Debug|ARM.ActiveCfg = Debug|iPhone
		{4A13415D-C22D-49E5-8F83-1093B55503BB}.Debug|iPhone.ActiveCfg = Debug|iPhone
		{4A13415D-C22D-49E5-8F83-1093B55503BB}.Debug|iPhone.Build.0 = Debug|iPhone
		{4A13415D-C22D-49E5-8F83-1093B55503BB}.Debug|iPhoneSimulator.ActiveCfg = Debug|iPhoneSimulator
		{4A13415D-C22D-49E5-8F83-1093B55503BB}.Debug|iPhoneSimulator.Build.0 = Debug|iPhoneSimulator
		{4A13415D-C22D-49E5-8F83-1093B55503BB}.Debug|x86.ActiveCfg = Debug|iPhone
		{4A13415D-C22D-49E5-8F83-1093B55503BB}.Release|Any CPU.ActiveCfg = Release|iPhone
		{4A13415D-C22D-49E5-8F83-1093B55503BB}.Release|ARM.ActiveCfg = Release|iPhone
		{4A13415D-C22D-49E5-8F83-1093B55503BB}.Release|iPhone.ActiveCfg = Release|iPhone
		{4A13415D-C22D-49E5-8F83-1093B55503BB}.Release|iPhone.Build.0 = Release|iPhone
		{4A13415D-C22D-49E5-8F83-1093B55503BB}.Release|iPhoneSimulator.ActiveCfg = Release|iPhoneSimulator
		{4A13415D-C22D-49E5-8F83-1093B55503BB}.Release|iPhoneSimulator.Build.0 = Release|iPhoneSimulator
		{4A13415D-C22D-49E5-8F83-1093B55503BB}.Release|x86.ActiveCfg = Release|iPhone
		{1D3EAD8A-F69C-40C0-B9DD-076D22C9800C}.Ad-Hoc|Any CPU.ActiveCfg = Release|Any CPU
		{1D3EAD8A-F69C-40C0-B9DD-076D22C9800C}.Ad-Hoc|Any CPU.Build.0 = Release|Any CPU
		{1D3EAD8A-F69C-40C0-B9DD-076D22C9800C}.Ad-Hoc|Any CPU.Deploy.0 = Release|Any CPU
		{1D3EAD8A-F69C-40C0-B9DD-076D22C9800C}.Ad-Hoc|ARM.ActiveCfg = Release|Any CPU
		{1D3EAD8A-F69C-40C0-B9DD-076D22C9800C}.Ad-Hoc|ARM.Build.0 = Release|Any CPU
		{1D3EAD8A-F69C-40C0-B9DD-076D22C9800C}.Ad-Hoc|ARM.Deploy.0 = Release|Any CPU
		{1D3EAD8A-F69C-40C0-B9DD-076D22C9800C}.Ad-Hoc|iPhone.ActiveCfg = Release|Any CPU
		{1D3EAD8A-F69C-40C0-B9DD-076D22C9800C}.Ad-Hoc|iPhone.Build.0 = Release|Any CPU
		{1D3EAD8A-F69C-40C0-B9DD-076D22C9800C}.Ad-Hoc|iPhone.Deploy.0 = Release|Any CPU
		{1D3EAD8A-F69C-40C0-B9DD-076D22C9800C}.Ad-Hoc|iPhoneSimulator.ActiveCfg = Release|Any CPU
		{1D3EAD8A-F69C-40C0-B9DD-076D22C9800C}.Ad-Hoc|iPhoneSimulator.Build.0 = Release|Any CPU
		{1D3EAD8A-F69C-40C0-B9DD-076D22C9800C}.Ad-Hoc|iPhoneSimulator.Deploy.0 = Release|Any CPU
		{1D3EAD8A-F69C-40C0-B9DD-076D22C9800C}.Ad-Hoc|x86.ActiveCfg = Release|Any CPU
		{1D3EAD8A-F69C-40C0-B9DD-076D22C9800C}.Ad-Hoc|x86.Build.0 = Release|Any CPU
		{1D3EAD8A-F69C-40C0-B9DD-076D22C9800C}.Ad-Hoc|x86.Deploy.0 = Release|Any CPU
		{1D3EAD8A-F69C-40C0-B9DD-076D22C9800C}.AppStore|Any CPU.ActiveCfg = Release|Any CPU
		{1D3EAD8A-F69C-40C0-B9DD-076D22C9800C}.AppStore|Any CPU.Build.0 = Release|Any CPU
		{1D3EAD8A-F69C-40C0-B9DD-076D22C9800C}.AppStore|Any CPU.Deploy.0 = Release|Any CPU
		{1D3EAD8A-F69C-40C0-B9DD-076D22C9800C}.AppStore|ARM.ActiveCfg = Release|Any CPU
		{1D3EAD8A-F69C-40C0-B9DD-076D22C9800C}.AppStore|ARM.Build.0 = Release|Any CPU
		{1D3EAD8A-F69C-40C0-B9DD-076D22C9800C}.AppStore|ARM.Deploy.0 = Release|Any CPU
		{1D3EAD8A-F69C-40C0-B9DD-076D22C9800C}.AppStore|iPhone.ActiveCfg = Release|Any CPU
		{1D3EAD8A-F69C-40C0-B9DD-076D22C9800C}.AppStore|iPhone.Build.0 = Release|Any CPU
		{1D3EAD8A-F69C-40C0-B9DD-076D22C9800C}.AppStore|iPhone.Deploy.0 = Release|Any CPU
		{1D3EAD8A-F69C-40C0-B9DD-076D22C9800C}.AppStore|iPhoneSimulator.ActiveCfg = Release|Any CPU
		{1D3EAD8A-F69C-40C0-B9DD-076D22C9800C}.AppStore|iPhoneSimulator.Build.0 = Release|Any CPU
		{1D3EAD8A-F69C-40C0-B9DD-076D22C9800C}.AppStore|iPhoneSimulator.Deploy.0 = Release|Any CPU
		{1D3EAD8A-F69C-40C0-B9DD-076D22C9800C}.AppStore|x86.ActiveCfg = Release|Any CPU
		{1D3EAD8A-F69C-40C0-B9DD-076D22C9800C}.AppStore|x86.Build.0 = Release|Any CPU
		{1D3EAD8A-F69C-40C0-B9DD-076D22C9800C}.AppStore|x86.Deploy.0 = Release|Any CPU
		{1D3EAD8A-F69C-40C0-B9DD-076D22C9800C}.Debug|Any CPU.ActiveCfg = Debug|Any CPU
		{1D3EAD8A-F69C-40C0-B9DD-076D22C9800C}.Debug|Any CPU.Build.0 = Debug|Any CPU
		{1D3EAD8A-F69C-40C0-B9DD-076D22C9800C}.Debug|Any CPU.Deploy.0 = Debug|Any CPU
		{1D3EAD8A-F69C-40C0-B9DD-076D22C9800C}.Debug|ARM.ActiveCfg = Debug|Any CPU
		{1D3EAD8A-F69C-40C0-B9DD-076D22C9800C}.Debug|ARM.Build.0 = Debug|Any CPU
		{1D3EAD8A-F69C-40C0-B9DD-076D22C9800C}.Debug|ARM.Deploy.0 = Debug|Any CPU
		{1D3EAD8A-F69C-40C0-B9DD-076D22C9800C}.Debug|iPhone.ActiveCfg = Debug|Any CPU
		{1D3EAD8A-F69C-40C0-B9DD-076D22C9800C}.Debug|iPhone.Build.0 = Debug|Any CPU
		{1D3EAD8A-F69C-40C0-B9DD-076D22C9800C}.Debug|iPhone.Deploy.0 = Debug|Any CPU
		{1D3EAD8A-F69C-40C0-B9DD-076D22C9800C}.Debug|iPhoneSimulator.ActiveCfg = Debug|Any CPU
		{1D3EAD8A-F69C-40C0-B9DD-076D22C9800C}.Debug|iPhoneSimulator.Build.0 = Debug|Any CPU
		{1D3EAD8A-F69C-40C0-B9DD-076D22C9800C}.Debug|iPhoneSimulator.Deploy.0 = Debug|Any CPU
		{1D3EAD8A-F69C-40C0-B9DD-076D22C9800C}.Debug|x86.ActiveCfg = Debug|Any CPU
		{1D3EAD8A-F69C-40C0-B9DD-076D22C9800C}.Debug|x86.Build.0 = Debug|Any CPU
		{1D3EAD8A-F69C-40C0-B9DD-076D22C9800C}.Debug|x86.Deploy.0 = Debug|Any CPU
		{1D3EAD8A-F69C-40C0-B9DD-076D22C9800C}.Release|Any CPU.ActiveCfg = Release|Any CPU
		{1D3EAD8A-F69C-40C0-B9DD-076D22C9800C}.Release|Any CPU.Build.0 = Release|Any CPU
		{1D3EAD8A-F69C-40C0-B9DD-076D22C9800C}.Release|Any CPU.Deploy.0 = Release|Any CPU
		{1D3EAD8A-F69C-40C0-B9DD-076D22C9800C}.Release|ARM.ActiveCfg = Release|Any CPU
		{1D3EAD8A-F69C-40C0-B9DD-076D22C9800C}.Release|ARM.Build.0 = Release|Any CPU
		{1D3EAD8A-F69C-40C0-B9DD-076D22C9800C}.Release|ARM.Deploy.0 = Release|Any CPU
		{1D3EAD8A-F69C-40C0-B9DD-076D22C9800C}.Release|iPhone.ActiveCfg = Release|Any CPU
		{1D3EAD8A-F69C-40C0-B9DD-076D22C9800C}.Release|iPhone.Build.0 = Release|Any CPU
		{1D3EAD8A-F69C-40C0-B9DD-076D22C9800C}.Release|iPhone.Deploy.0 = Release|Any CPU
		{1D3EAD8A-F69C-40C0-B9DD-076D22C9800C}.Release|iPhoneSimulator.ActiveCfg = Release|Any CPU
		{1D3EAD8A-F69C-40C0-B9DD-076D22C9800C}.Release|iPhoneSimulator.Build.0 = Release|Any CPU
		{1D3EAD8A-F69C-40C0-B9DD-076D22C9800C}.Release|iPhoneSimulator.Deploy.0 = Release|Any CPU
		{1D3EAD8A-F69C-40C0-B9DD-076D22C9800C}.Release|x86.ActiveCfg = Release|Any CPU
		{1D3EAD8A-F69C-40C0-B9DD-076D22C9800C}.Release|x86.Build.0 = Release|Any CPU
		{1D3EAD8A-F69C-40C0-B9DD-076D22C9800C}.Release|x86.Deploy.0 = Release|Any CPU
		{5A160605-A87B-4F54-BD16-7CE9E2FB13E9}.Ad-Hoc|Any CPU.ActiveCfg = Release|Any CPU
		{5A160605-A87B-4F54-BD16-7CE9E2FB13E9}.Ad-Hoc|Any CPU.Build.0 = Release|Any CPU
		{5A160605-A87B-4F54-BD16-7CE9E2FB13E9}.Ad-Hoc|Any CPU.Deploy.0 = Release|Any CPU
		{5A160605-A87B-4F54-BD16-7CE9E2FB13E9}.Ad-Hoc|ARM.ActiveCfg = Release|ARM
		{5A160605-A87B-4F54-BD16-7CE9E2FB13E9}.Ad-Hoc|ARM.Build.0 = Release|ARM
		{5A160605-A87B-4F54-BD16-7CE9E2FB13E9}.Ad-Hoc|ARM.Deploy.0 = Release|ARM
		{5A160605-A87B-4F54-BD16-7CE9E2FB13E9}.Ad-Hoc|iPhone.ActiveCfg = Release|Any CPU
		{5A160605-A87B-4F54-BD16-7CE9E2FB13E9}.Ad-Hoc|iPhone.Build.0 = Release|Any CPU
		{5A160605-A87B-4F54-BD16-7CE9E2FB13E9}.Ad-Hoc|iPhone.Deploy.0 = Release|Any CPU
		{5A160605-A87B-4F54-BD16-7CE9E2FB13E9}.Ad-Hoc|iPhoneSimulator.ActiveCfg = Release|Any CPU
		{5A160605-A87B-4F54-BD16-7CE9E2FB13E9}.Ad-Hoc|iPhoneSimulator.Build.0 = Release|Any CPU
		{5A160605-A87B-4F54-BD16-7CE9E2FB13E9}.Ad-Hoc|iPhoneSimulator.Deploy.0 = Release|Any CPU
		{5A160605-A87B-4F54-BD16-7CE9E2FB13E9}.Ad-Hoc|x86.ActiveCfg = Release|x86
		{5A160605-A87B-4F54-BD16-7CE9E2FB13E9}.Ad-Hoc|x86.Build.0 = Release|x86
		{5A160605-A87B-4F54-BD16-7CE9E2FB13E9}.Ad-Hoc|x86.Deploy.0 = Release|x86
		{5A160605-A87B-4F54-BD16-7CE9E2FB13E9}.AppStore|Any CPU.ActiveCfg = Release|Any CPU
		{5A160605-A87B-4F54-BD16-7CE9E2FB13E9}.AppStore|Any CPU.Build.0 = Release|Any CPU
		{5A160605-A87B-4F54-BD16-7CE9E2FB13E9}.AppStore|Any CPU.Deploy.0 = Release|Any CPU
		{5A160605-A87B-4F54-BD16-7CE9E2FB13E9}.AppStore|ARM.ActiveCfg = Release|ARM
		{5A160605-A87B-4F54-BD16-7CE9E2FB13E9}.AppStore|ARM.Build.0 = Release|ARM
		{5A160605-A87B-4F54-BD16-7CE9E2FB13E9}.AppStore|ARM.Deploy.0 = Release|ARM
		{5A160605-A87B-4F54-BD16-7CE9E2FB13E9}.AppStore|iPhone.ActiveCfg = Release|Any CPU
		{5A160605-A87B-4F54-BD16-7CE9E2FB13E9}.AppStore|iPhone.Build.0 = Release|Any CPU
		{5A160605-A87B-4F54-BD16-7CE9E2FB13E9}.AppStore|iPhone.Deploy.0 = Release|Any CPU
		{5A160605-A87B-4F54-BD16-7CE9E2FB13E9}.AppStore|iPhoneSimulator.ActiveCfg = Release|Any CPU
		{5A160605-A87B-4F54-BD16-7CE9E2FB13E9}.AppStore|iPhoneSimulator.Build.0 = Release|Any CPU
		{5A160605-A87B-4F54-BD16-7CE9E2FB13E9}.AppStore|iPhoneSimulator.Deploy.0 = Release|Any CPU
		{5A160605-A87B-4F54-BD16-7CE9E2FB13E9}.AppStore|x86.ActiveCfg = Release|x86
		{5A160605-A87B-4F54-BD16-7CE9E2FB13E9}.AppStore|x86.Build.0 = Release|x86
		{5A160605-A87B-4F54-BD16-7CE9E2FB13E9}.AppStore|x86.Deploy.0 = Release|x86
		{5A160605-A87B-4F54-BD16-7CE9E2FB13E9}.Debug|Any CPU.ActiveCfg = Debug|Any CPU
		{5A160605-A87B-4F54-BD16-7CE9E2FB13E9}.Debug|Any CPU.Build.0 = Debug|Any CPU
		{5A160605-A87B-4F54-BD16-7CE9E2FB13E9}.Debug|Any CPU.Deploy.0 = Debug|Any CPU
		{5A160605-A87B-4F54-BD16-7CE9E2FB13E9}.Debug|ARM.ActiveCfg = Debug|ARM
		{5A160605-A87B-4F54-BD16-7CE9E2FB13E9}.Debug|ARM.Build.0 = Debug|ARM
		{5A160605-A87B-4F54-BD16-7CE9E2FB13E9}.Debug|ARM.Deploy.0 = Debug|ARM
		{5A160605-A87B-4F54-BD16-7CE9E2FB13E9}.Debug|iPhone.ActiveCfg = Debug|Any CPU
		{5A160605-A87B-4F54-BD16-7CE9E2FB13E9}.Debug|iPhone.Build.0 = Debug|Any CPU
		{5A160605-A87B-4F54-BD16-7CE9E2FB13E9}.Debug|iPhone.Deploy.0 = Debug|Any CPU
		{5A160605-A87B-4F54-BD16-7CE9E2FB13E9}.Debug|iPhoneSimulator.ActiveCfg = Debug|Any CPU
		{5A160605-A87B-4F54-BD16-7CE9E2FB13E9}.Debug|iPhoneSimulator.Build.0 = Debug|Any CPU
		{5A160605-A87B-4F54-BD16-7CE9E2FB13E9}.Debug|iPhoneSimulator.Deploy.0 = Debug|Any CPU
		{5A160605-A87B-4F54-BD16-7CE9E2FB13E9}.Debug|x86.ActiveCfg = Debug|x86
		{5A160605-A87B-4F54-BD16-7CE9E2FB13E9}.Debug|x86.Build.0 = Debug|x86
		{5A160605-A87B-4F54-BD16-7CE9E2FB13E9}.Debug|x86.Deploy.0 = Debug|x86
		{5A160605-A87B-4F54-BD16-7CE9E2FB13E9}.Release|Any CPU.ActiveCfg = Release|Any CPU
		{5A160605-A87B-4F54-BD16-7CE9E2FB13E9}.Release|Any CPU.Build.0 = Release|Any CPU
		{5A160605-A87B-4F54-BD16-7CE9E2FB13E9}.Release|Any CPU.Deploy.0 = Release|Any CPU
		{5A160605-A87B-4F54-BD16-7CE9E2FB13E9}.Release|ARM.ActiveCfg = Release|ARM
		{5A160605-A87B-4F54-BD16-7CE9E2FB13E9}.Release|ARM.Build.0 = Release|ARM
		{5A160605-A87B-4F54-BD16-7CE9E2FB13E9}.Release|ARM.Deploy.0 = Release|ARM
		{5A160605-A87B-4F54-BD16-7CE9E2FB13E9}.Release|iPhone.ActiveCfg = Release|Any CPU
		{5A160605-A87B-4F54-BD16-7CE9E2FB13E9}.Release|iPhone.Build.0 = Release|Any CPU
		{5A160605-A87B-4F54-BD16-7CE9E2FB13E9}.Release|iPhone.Deploy.0 = Release|Any CPU
		{5A160605-A87B-4F54-BD16-7CE9E2FB13E9}.Release|iPhoneSimulator.ActiveCfg = Release|Any CPU
		{5A160605-A87B-4F54-BD16-7CE9E2FB13E9}.Release|iPhoneSimulator.Build.0 = Release|Any CPU
		{5A160605-A87B-4F54-BD16-7CE9E2FB13E9}.Release|iPhoneSimulator.Deploy.0 = Release|Any CPU
		{5A160605-A87B-4F54-BD16-7CE9E2FB13E9}.Release|x86.ActiveCfg = Release|x86
		{5A160605-A87B-4F54-BD16-7CE9E2FB13E9}.Release|x86.Build.0 = Release|x86
		{5A160605-A87B-4F54-BD16-7CE9E2FB13E9}.Release|x86.Deploy.0 = Release|x86
	EndGlobalSection
	GlobalSection(SolutionProperties) = preSolution
		HideSolutionNode = FALSE
	EndGlobalSection
EndGlobal
